
Microsoft Visual Studio Solution File, Format Version 12.00
# Visual Studio Version 17
VisualStudioVersion = 17.11.35312.102
MinimumVisualStudioVersion = 10.0.40219.1
Project("{FAE04EC0-301F-11D3-BF4B-00C04F79EFBC}") = "JobTrackerWinForm", "JobTrackerWinForm\JobTrackerWinForm.csproj", "{CDBCC7B2-126B-46E3-A764-A48CBAAA7EFF}"
EndProject
Global
	GlobalSection(SolutionConfigurationPlatforms) = preSolution
		Debug|Any CPU = Debug|Any CPU
		Release|Any CPU = Release|Any CPU
	EndGlobalSection
	GlobalSection(ProjectConfigurationPlatforms) = postSolution
		{CDBCC7B2-126B-46E3-A764-A48CBAAA7EFF}.Debug|Any CPU.ActiveCfg = Debug|Any CPU
		{CDBCC7B2-126B-46E3-A764-A48CBAAA7EFF}.Debug|Any CPU.Build.0 = Debug|Any CPU
		{CDBCC7B2-126B-46E3-A764-A48CBAAA7EFF}.Release|Any CPU.ActiveCfg = Release|Any CPU
		{CDBCC7B2-126B-46E3-A764-A48CBAAA7EFF}.Release|Any CPU.Build.0 = Release|Any CPU
	EndGlobalSection
	GlobalSection(SolutionProperties) = preSolution
		HideSolutionNode = FALSE
	EndGlobalSection
	GlobalSection(ExtensibilityGlobals) = postSolution
		SolutionGuid = {952C62FA-F1B6-4F8F-B8F7-8E5ECA7D42C2}
	EndGlobalSection
EndGlobal
